
Microsoft Visual Studio Solution File, Format Version 12.00
# Visual Studio 15
VisualStudioVersion = 15.0.27130.2026
MinimumVisualStudioVersion = 10.0.40219.1
Project("{F2A71F9B-5D33-465A-A702-920D77279786}") = "BookingApi", "BookingApi\BookingApi.fsproj", "{751AB11C-EBEB-487E-AA79-7F05E71577D1}"
EndProject
Project("{F2A71F9B-5D33-465A-A702-920D77279786}") = "BookingApi.UnitTests", "BookingApi.UnitTests\BookingApi.UnitTests.fsproj", "{8054B054-EA57-4234-BBC6-89302025408C}"
EndProject
Global
	GlobalSection(SolutionConfigurationPlatforms) = preSolution
		Debug|Any CPU = Debug|Any CPU
		Release|Any CPU = Release|Any CPU
	EndGlobalSection
	GlobalSection(ProjectConfigurationPlatforms) = postSolution
		{751AB11C-EBEB-487E-AA79-7F05E71577D1}.Debug|Any CPU.ActiveCfg = Debug|Any CPU
		{751AB11C-EBEB-487E-AA79-7F05E71577D1}.Debug|Any CPU.Build.0 = Debug|Any CPU
		{751AB11C-EBEB-487E-AA79-7F05E71577D1}.Release|Any CPU.ActiveCfg = Release|Any CPU
		{751AB11C-EBEB-487E-AA79-7F05E71577D1}.Release|Any CPU.Build.0 = Release|Any CPU
		{8054B054-EA57-4234-BBC6-89302025408C}.Debug|Any CPU.ActiveCfg = Debug|Any CPU
		{8054B054-EA57-4234-BBC6-89302025408C}.Debug|Any CPU.Build.0 = Debug|Any CPU
		{8054B054-EA57-4234-BBC6-89302025408C}.Release|Any CPU.ActiveCfg = Release|Any CPU
		{8054B054-EA57-4234-BBC6-89302025408C}.Release|Any CPU.Build.0 = Release|Any CPU
	EndGlobalSection
	GlobalSection(SolutionProperties) = preSolution
		HideSolutionNode = FALSE
	EndGlobalSection
	GlobalSection(ExtensibilityGlobals) = postSolution
		SolutionGuid = {6CEA0EF1-D211-4D31-BBF5-685EA7E0C34F}
	EndGlobalSection
EndGlobal
